<Solution>
  <Folder Name="/modules/" />
  <Folder Name="/modules/01-type-system-and-memory/" />
  <Folder Name="/modules/01-type-system-and-memory/examples/">
    <Project Path="modules/01-type-system-and-memory/examples/BasketBug/BasketBug.csproj" />
    <Project Path="modules/01-type-system-and-memory/examples/BoxingCosts/BoxingCosts.csproj" />
    <Project Path="modules/01-type-system-and-memory/examples/EqualitySurprises/EqualitySurprises.csproj" />
  </Folder>
  <Folder Name="/modules/01-type-system-and-memory/src/">
    <Project Path="modules/01-type-system-and-memory/src/Exercises/Exercises.csproj" />
    <Project Path="modules/01-type-system-and-memory/src/Solutions/Solutions.csproj" />
  </Folder>
  <Folder Name="/modules/01-type-system-and-memory/tests/">
    <Project Path="modules/01-type-system-and-memory/tests/UnitTests/UnitTests.csproj" />
  </Folder>
  <Folder Name="/modules/02-object-lifetime-gc-and-disposal/" />
  <Folder Name="/modules/02-object-lifetime-gc-and-disposal/examples/">
    <Project Path="modules/02-object-lifetime-gc-and-disposal/examples/DisposeVersusFinalizer/DisposeVersusFinalizer.csproj" />
    <Project Path="modules/02-object-lifetime-gc-and-disposal/examples/ForgottenSubscription/ForgottenSubscription.csproj" />
    <Project Path="modules/02-object-lifetime-gc-and-disposal/examples/LeakingCache/LeakingCache.csproj" />
  </Folder>
  <Folder Name="/modules/02-object-lifetime-gc-and-disposal/src/">
    <Project Path="modules/02-object-lifetime-gc-and-disposal/src/Exercises/Exercises.csproj" />
    <Project Path="modules/02-object-lifetime-gc-and-disposal/src/Solutions/Solutions.csproj" />
  </Folder>
  <Folder Name="/modules/02-object-lifetime-gc-and-disposal/tests/">
    <Project Path="modules/02-object-lifetime-gc-and-disposal/tests/UnitTests/UnitTests.csproj" />
  </Folder>
  <Folder Name="/modules/03-async-await-and-the-thread-pool/" />
  <Folder Name="/modules/03-async-await-and-the-thread-pool/examples/">
    <Project Path="modules/03-async-await-and-the-thread-pool/examples/LostException/LostException.csproj" />
    <Project Path="modules/03-async-await-and-the-thread-pool/examples/StarvedPool/StarvedPool.csproj" />
    <Project Path="modules/03-async-await-and-the-thread-pool/examples/WhenAllVersusSequential/WhenAllVersusSequential.csproj" />
  </Folder>
  <Folder Name="/modules/03-async-await-and-the-thread-pool/src/">
    <Project Path="modules/03-async-await-and-the-thread-pool/src/Exercises/Exercises.csproj" />
    <Project Path="modules/03-async-await-and-the-thread-pool/src/Solutions/Solutions.csproj" />
  </Folder>
  <Folder Name="/modules/03-async-await-and-the-thread-pool/tests/">
    <Project Path="modules/03-async-await-and-the-thread-pool/tests/UnitTests/UnitTests.csproj" />
  </Folder>
  <Folder Name="/modules/04-linq-and-the-modern-language-surface/" />
  <Folder Name="/modules/04-linq-and-the-modern-language-surface/examples/">
    <Project Path="modules/04-linq-and-the-modern-language-surface/examples/ClientSideFilter/ClientSideFilter.csproj" />
    <Project Path="modules/04-linq-and-the-modern-language-surface/examples/DeferredCapture/DeferredCapture.csproj" />
    <Project Path="modules/04-linq-and-the-modern-language-surface/examples/DoubleEnumeration/DoubleEnumeration.csproj" />
  </Folder>
  <Folder Name="/modules/04-linq-and-the-modern-language-surface/src/">
    <Project Path="modules/04-linq-and-the-modern-language-surface/src/Exercises/Exercises.csproj" />
    <Project Path="modules/04-linq-and-the-modern-language-surface/src/Solutions/Solutions.csproj" />
  </Folder>
  <Folder Name="/modules/04-linq-and-the-modern-language-surface/tests/">
    <Project Path="modules/04-linq-and-the-modern-language-surface/tests/UnitTests/UnitTests.csproj" />
  </Folder>
  <Folder Name="/modules/05-host-configuration-and-options/" />
  <Folder Name="/modules/05-host-configuration-and-options/examples/">
    <Project Path="modules/05-host-configuration-and-options/examples/FailFastOrFailLater/FailFastOrFailLater.csproj" />
    <Project Path="modules/05-host-configuration-and-options/examples/LayerPrecedence/LayerPrecedence.csproj" />
    <Project Path="modules/05-host-configuration-and-options/examples/StaleFlag/StaleFlag.csproj" />
  </Folder>
  <Folder Name="/modules/05-host-configuration-and-options/src/">
    <Project Path="modules/05-host-configuration-and-options/src/Exercises/Exercises.csproj" />
    <Project Path="modules/05-host-configuration-and-options/src/Solutions/Solutions.csproj" />
  </Folder>
  <Folder Name="/modules/05-host-configuration-and-options/tests/">
    <Project Path="modules/05-host-configuration-and-options/tests/UnitTests/UnitTests.csproj" />
  </Folder>
  <Folder Name="/modules/06-dependency-injection/" />
  <Folder Name="/modules/06-dependency-injection/examples/">
    <Project Path="modules/06-dependency-injection/examples/CaptiveScope/CaptiveScope.csproj" />
    <Project Path="modules/06-dependency-injection/examples/LifetimeMatrix/LifetimeMatrix.csproj" />
    <Project Path="modules/06-dependency-injection/examples/TransientLeak/TransientLeak.csproj" />
  </Folder>
  <Folder Name="/modules/06-dependency-injection/src/">
    <Project Path="modules/06-dependency-injection/src/Exercises/Exercises.csproj" />
    <Project Path="modules/06-dependency-injection/src/Solutions/Solutions.csproj" />
  </Folder>
  <Folder Name="/modules/06-dependency-injection/tests/">
    <Project Path="modules/06-dependency-injection/tests/UnitTests/UnitTests.csproj" />
  </Folder>
  <Folder Name="/modules/07-the-middleware-pipeline/" />
  <Folder Name="/modules/07-the-middleware-pipeline/examples/">
    <Project Path="modules/07-the-middleware-pipeline/examples/HandlerReach/HandlerReach.csproj" />
    <Project Path="modules/07-the-middleware-pipeline/examples/OpenEndpoint/OpenEndpoint.csproj" />
    <Project Path="modules/07-the-middleware-pipeline/examples/PipelineOnion/PipelineOnion.csproj" />
  </Folder>
  <Folder Name="/modules/07-the-middleware-pipeline/src/">
    <Project Path="modules/07-the-middleware-pipeline/src/Exercises/Exercises.csproj" />
    <Project Path="modules/07-the-middleware-pipeline/src/Solutions/Solutions.csproj" />
  </Folder>
  <Folder Name="/modules/07-the-middleware-pipeline/tests/">
    <Project Path="modules/07-the-middleware-pipeline/tests/UnitTests/UnitTests.csproj" />
  </Folder>
  <Folder Name="/modules/08-the-http-surface/" />
  <Folder Name="/modules/08-the-http-surface/examples/">
    <Project Path="modules/08-the-http-surface/examples/HandlerChain/HandlerChain.csproj" />
    <Project Path="modules/08-the-http-surface/examples/SocketChurn/SocketChurn.csproj" />
    <Project Path="modules/08-the-http-surface/examples/TimeoutOrCancel/TimeoutOrCancel.csproj" />
  </Folder>
  <Folder Name="/modules/08-the-http-surface/src/">
    <Project Path="modules/08-the-http-surface/src/Exercises/Exercises.csproj" />
    <Project Path="modules/08-the-http-surface/src/Solutions/Solutions.csproj" />
  </Folder>
  <Folder Name="/modules/08-the-http-surface/tests/">
    <Project Path="modules/08-the-http-surface/tests/UnitTests/UnitTests.csproj" />
  </Folder>
  <Folder Name="/modules/09-sql-fluency/" />
  <Folder Name="/modules/09-sql-fluency/examples/">
    <Project Path="modules/09-sql-fluency/examples/EngineDisagreement/EngineDisagreement.csproj" />
    <Project Path="modules/09-sql-fluency/examples/PerLoopNumbers/PerLoopNumbers.csproj" />
    <Project Path="modules/09-sql-fluency/examples/PlannerBlindSpot/PlannerBlindSpot.csproj" />
    <Project Path="modules/09-sql-fluency/examples/WholeTableForFourRows/WholeTableForFourRows.csproj" />
  </Folder>
  <Folder Name="/modules/09-sql-fluency/src/">
    <Project Path="modules/09-sql-fluency/src/Exercises/Exercises.csproj" />
    <Project Path="modules/09-sql-fluency/src/Solutions/Solutions.csproj" />
  </Folder>
  <Folder Name="/modules/09-sql-fluency/tests/">
    <Project Path="modules/09-sql-fluency/tests/IntegrationTests/IntegrationTests.csproj" />
    <Project Path="modules/09-sql-fluency/tests/UnitTests/UnitTests.csproj" />
  </Folder>
  <Folder Name="/modules/10-transactions-and-concurrency/" />
  <Folder Name="/modules/10-transactions-and-concurrency/examples/">
    <Project Path="modules/10-transactions-and-concurrency/examples/BackoffJitter/BackoffJitter.csproj" />
    <Project Path="modules/10-transactions-and-concurrency/examples/OversoldStock/OversoldStock.csproj" />
  </Folder>
  <Folder Name="/modules/10-transactions-and-concurrency/src/">
    <Project Path="modules/10-transactions-and-concurrency/src/Exercises/Exercises.csproj" />
    <Project Path="modules/10-transactions-and-concurrency/src/Solutions/Solutions.csproj" />
  </Folder>
  <Folder Name="/modules/10-transactions-and-concurrency/tests/">
    <Project Path="modules/10-transactions-and-concurrency/tests/IntegrationTests/IntegrationTests.csproj" />
    <Project Path="modules/10-transactions-and-concurrency/tests/UnitTests/UnitTests.csproj" />
  </Folder>
  <Folder Name="/modules/11-ef-core-internals/" />
  <Folder Name="/modules/11-ef-core-internals/examples/">
    <Project Path="modules/11-ef-core-internals/examples/StaleAfterSave/StaleAfterSave.csproj" />
    <Project Path="modules/11-ef-core-internals/examples/TwoHundredQueries/TwoHundredQueries.csproj" />
    <Project Path="modules/11-ef-core-internals/examples/WhatEfSends/WhatEfSends.csproj" />
  </Folder>
  <Folder Name="/modules/11-ef-core-internals/src/">
    <Project Path="modules/11-ef-core-internals/src/Exercises/Exercises.csproj" />
    <Project Path="modules/11-ef-core-internals/src/Solutions/Solutions.csproj" />
  </Folder>
  <Folder Name="/modules/11-ef-core-internals/tests/">
    <Project Path="modules/11-ef-core-internals/tests/IntegrationTests/IntegrationTests.csproj" />
    <Project Path="modules/11-ef-core-internals/tests/UnitTests/UnitTests.csproj" />
  </Folder>
  <Folder Name="/tools/">
    <Project Path="tools/Training.Audit.Tests/Training.Audit.Tests.csproj" />
    <Project Path="tools/Training.Audit/Training.Audit.csproj" />
    <Project Path="tools/Training.Scaffold.Tests/Training.Scaffold.Tests.csproj" />
    <Project Path="tools/Training.Scaffold/Training.Scaffold.csproj" />
  </Folder>
</Solution>
