<Solution>
  <Folder Name="/modules/" />
  <Folder Name="/modules/00-probe/" />
  <Folder Name="/modules/00-probe/src/">
    <Project Path="modules/00-probe/src/Exercises/Exercises.csproj" />
    <Project Path="modules/00-probe/src/Solutions/Solutions.csproj" />
  </Folder>
  <Folder Name="/modules/00-probe/tests/">
    <Project Path="modules/00-probe/tests/UnitTests/UnitTests.csproj" />
  </Folder>
  <Folder Name="/tools/">
    <Project Path="tools/Training.Audit.Tests/Training.Audit.Tests.csproj" />
    <Project Path="tools/Training.Audit/Training.Audit.csproj" />
  </Folder>
</Solution>
